<?xml version="1.0" encoding="utf-8"?>
<Project ToolsVersion="4.0" xmlns="http://schemas.microsoft.com/developer/msbuild/2003">
  <ItemGroup>
    <ClCompile Include="Colour.cpp">
      <Filter>Source Files</Filter>
    </ClCompile>
    <ClCompile Include="Main.cpp" />
    <ClCompile Include="PixelColourMap.cpp">
      <Filter>Source Files</Filter>
    </ClCompile>
    <ClCompile Include="ScreenBuffer.cpp">
      <Filter>Source Files</Filter>
    </ClCompile>
    <ClCompile Include="ConsoleWindow.cpp">
      <Filter>Source Files</Filter>
    </ClCompile>
    <ClCompile Include="Rect.hpp">
      <Filter>Source Files</Filter>
    </ClCompile>
    <ClCompile Include="CGE.cpp">
      <Filter>Source Files</Filter>
    </ClCompile>
  </ItemGroup>
  <ItemGroup>
    <ClInclude Include="Pixel.hpp">
      <Filter>Source Files</Filter>
    </ClInclude>
    <ClInclude Include="ConsoleColour.hpp">
      <Filter>Source Files</Filter>
    </ClInclude>
    <ClInclude Include="PixelColourMap.hpp">
      <Filter>Source Files</Filter>
    </ClInclude>
    <ClInclude Include="Primitive.hpp">
      <Filter>Source Files</Filter>
    </ClInclude>
    <ClInclude Include="ScreenBuffer.hpp">
      <Filter>Source Files</Filter>
    </ClInclude>
    <ClInclude Include="CGE.h">
      <Filter>Source Files</Filter>
    </ClInclude>
    <ClInclude Include="ConsoleWindow.hpp">
      <Filter>Source Files</Filter>
    </ClInclude>
    <ClInclude Include="Line.hpp">
      <Filter>Source Files</Filter>
    </ClInclude>
    <ClInclude Include="Colour.h">
      <Filter>Source Files</Filter>
    </ClInclude>
    <ClInclude Include="Math.h">
      <Filter>Source Files</Filter>
    </ClInclude>
    <ClInclude Include="entt\entt.hpp">
      <Filter>Entt</Filter>
    </ClInclude>
    <ClInclude Include="entt\fwd.hpp">
      <Filter>Entt</Filter>
    </ClInclude>
  </ItemGroup>
  <ItemGroup>
    <Filter Include="Source Files">
      <UniqueIdentifier>{550fad4b-aec0-4184-b503-362a00a72ff1}</UniqueIdentifier>
      <Extensions>cpp;c;cc;cxx;def;odl;idl;hpj;bat;asm;asmx</Extensions>
    </Filter>
    <Filter Include="Entt">
      <UniqueIdentifier>{f0195290-6c7d-4958-a6da-e7f7c69af474}</UniqueIdentifier>
    </Filter>
  </ItemGroup>
</Project>