<?xml version="1.0" encoding="utf-8"?>
<Project ToolsVersion="4.0" xmlns="http://schemas.microsoft.com/developer/msbuild/2003">
  <ItemGroup>
    <ClCompile Include="Colour.cpp">
      <Filter>Source Files</Filter>
    </ClCompile>
    <ClCompile Include="Main.cpp" />
    <ClCompile Include="PixelColourMap.cpp">
      <Filter>Source Files</Filter>
    </ClCompile>
    <ClCompile Include="ScreenBuffer.cpp">
      <Filter>Source Files</Filter>
    </ClCompile>
    <ClCompile Include="ConsoleWindow.cpp">
      <Filter>Source Files</Filter>
    </ClCompile>
    <ClCompile Include="Rect.hpp">
      <Filter>Source Files</Filter>
    </ClCompile>
    <ClCompile Include="CGE.cpp">
      <Filter>Source Files</Filter>
    </ClCompile>
    <ClCompile Include="Input.cpp">
      <Filter>Source Files</Filter>
    </ClCompile>
    <ClCompile Include="Time.cpp">
      <Filter>Source Files</Filter>
    </ClCompile>
    <ClCompile Include="Name.cpp">
      <Filter>Source Files</Filter>
    </ClCompile>
    <ClCompile Include="Scene.cpp">
      <Filter>Source Files</Filter>
    </ClCompile>
    <ClCompile Include="GameObject.cpp">
      <Filter>Source Files</Filter>
    </ClCompile>
    <ClCompile Include="ECS.cpp">
      <Filter>Source Files</Filter>
    </ClCompile>
    <ClCompile Include="Graphics.cpp">
      <Filter>Source Files</Filter>
    </ClCompile>
    <ClCompile Include="Transform.cpp">
      <Filter>Source Files</Filter>
    </ClCompile>
    <ClCompile Include="Component.cpp">
      <Filter>Source Files</Filter>
    </ClCompile>
  </ItemGroup>
  <ItemGroup>
    <ClInclude Include="Pixel.hpp">
      <Filter>Source Files</Filter>
    </ClInclude>
    <ClInclude Include="ConsoleColour.hpp">
      <Filter>Source Files</Filter>
    </ClInclude>
    <ClInclude Include="PixelColourMap.hpp">
      <Filter>Source Files</Filter>
    </ClInclude>
    <ClInclude Include="Primitive.hpp">
      <Filter>Source Files</Filter>
    </ClInclude>
    <ClInclude Include="ScreenBuffer.hpp">
      <Filter>Source Files</Filter>
    </ClInclude>
    <ClInclude Include="CGE.h">
      <Filter>Source Files</Filter>
    </ClInclude>
    <ClInclude Include="ConsoleWindow.hpp">
      <Filter>Source Files</Filter>
    </ClInclude>
    <ClInclude Include="Line.hpp">
      <Filter>Source Files</Filter>
    </ClInclude>
    <ClInclude Include="Colour.h">
      <Filter>Source Files</Filter>
    </ClInclude>
    <ClInclude Include="entt\entt.hpp">
      <Filter>Entt</Filter>
    </ClInclude>
    <ClInclude Include="entt\fwd.hpp">
      <Filter>Entt</Filter>
    </ClInclude>
    <ClInclude Include="Math.hpp">
      <Filter>Source Files</Filter>
    </ClInclude>
    <ClInclude Include="Input.hpp">
      <Filter>Source Files</Filter>
    </ClInclude>
    <ClInclude Include="Delegate.hpp">
      <Filter>Source Files</Filter>
    </ClInclude>
    <ClInclude Include="FunctionTraits.hpp">
      <Filter>Source Files</Filter>
    </ClInclude>
    <ClInclude Include="Invoker.hpp">
      <Filter>Source Files</Filter>
    </ClInclude>
    <ClInclude Include="Time.hpp">
      <Filter>Source Files</Filter>
    </ClInclude>
    <ClInclude Include="GameObject.hpp">
      <Filter>Source Files</Filter>
    </ClInclude>
    <ClInclude Include="Component.hpp">
      <Filter>Source Files</Filter>
    </ClInclude>
    <ClInclude Include="Scene.hpp">
      <Filter>Source Files</Filter>
    </ClInclude>
    <ClInclude Include="Name.hpp">
      <Filter>Source Files</Filter>
    </ClInclude>
    <ClInclude Include="Object.hpp">
      <Filter>Source Files</Filter>
    </ClInclude>
    <ClInclude Include="Transform.hpp">
      <Filter>Source Files</Filter>
    </ClInclude>
    <ClInclude Include="Hash.hpp">
      <Filter>Source Files</Filter>
    </ClInclude>
    <ClInclude Include="MonoBehaviour.hpp">
      <Filter>Source Files</Filter>
    </ClInclude>
    <ClInclude Include="TypeMap.hpp">
      <Filter>Source Files</Filter>
    </ClInclude>
    <ClInclude Include="ECS.hpp">
      <Filter>Source Files</Filter>
    </ClInclude>
    <ClInclude Include="MeshRenderer.hpp">
      <Filter>Source Files</Filter>
    </ClInclude>
    <ClInclude Include="Renderer.hpp">
      <Filter>Source Files</Filter>
    </ClInclude>
    <ClInclude Include="Mesh.hpp">
      <Filter>Source Files</Filter>
    </ClInclude>
    <ClInclude Include="Graphics.hpp">
      <Filter>Source Files</Filter>
    </ClInclude>
    <ClInclude Include="Shader.hpp">
      <Filter>Source Files</Filter>
    </ClInclude>
    <ClInclude Include="Texture.hpp">
      <Filter>Source Files</Filter>
    </ClInclude>
    <ClInclude Include="Camera.hpp">
      <Filter>Source Files</Filter>
    </ClInclude>
  </ItemGroup>
  <ItemGroup>
    <Filter Include="Source Files">
      <UniqueIdentifier>{550fad4b-aec0-4184-b503-362a00a72ff1}</UniqueIdentifier>
      <Extensions>cpp;c;cc;cxx;def;odl;idl;hpj;bat;asm;asmx</Extensions>
    </Filter>
    <Filter Include="Entt">
      <UniqueIdentifier>{f0195290-6c7d-4958-a6da-e7f7c69af474}</UniqueIdentifier>
    </Filter>
  </ItemGroup>
</Project>